// !$*UTF8*$!
{
	archiveVersion = 1;
	classes = {
	};
	objectVersion = 50;
	objects = {

/* Begin PBXBuildFile section */
		F7B8610F223E62CD0083FFBC /* AppDelegate.swift in Sources */ = {isa = PBXBuildFile; fileRef = F7B8610E223E62CD0083FFBC /* AppDelegate.swift */; };
		F7B86111223E62CD0083FFBC /* ViewController.swift in Sources */ = {isa = PBXBuildFile; fileRef = F7B86110223E62CD0083FFBC /* ViewController.swift */; };
		F7B86114223E62CD0083FFBC /* Main.storyboard in Resources */ = {isa = PBXBuildFile; fileRef = F7B86112223E62CD0083FFBC /* Main.storyboard */; };
		F7B86116223E62CE0083FFBC /* Assets.xcassets in Resources */ = {isa = PBXBuildFile; fileRef = F7B86115223E62CE0083FFBC /* Assets.xcassets */; };
		F7B86119223E62CE0083FFBC /* LaunchScreen.storyboard in Resources */ = {isa = PBXBuildFile; fileRef = F7B86117223E62CE0083FFBC /* LaunchScreen.storyboard */; };
/* End PBXBuildFile section */

/* Begin PBXFileReference section */
		F7B8610B223E62CD0083FFBC /* VectornatorClocks.app */ = {isa = PBXFileReference; explicitFileType = wrapper.application; includeInIndex = 0; path = VectornatorClocks.app; sourceTree = BUILT_PRODUCTS_DIR; };
		F7B8610E223E62CD0083FFBC /* AppDelegate.swift */ = {isa = PBXFileReference; lastKnownFileType = sourcecode.swift; path = AppDelegate.swift; sourceTree = "<group>"; };
		F7B86110223E62CD0083FFBC /* ViewController.swift */ = {isa = PBXFileReference; lastKnownFileType = sourcecode.swift; path = ViewController.swift; sourceTree = "<group>"; };
		F7B86113223E62CD0083FFBC /* Base */ = {isa = PBXFileReference; lastKnownFileType = file.storyboard; name = Base; path = Base.lproj/Main.storyboard; sourceTree = "<group>"; };
		F7B86115223E62CE0083FFBC /* Assets.xcassets */ = {isa = PBXFileReference; lastKnownFileType = folder.assetcatalog; path = Assets.xcassets; sourceTree = "<group>"; };
		F7B86118223E62CE0083FFBC /* Base */ = {isa = PBXFileReference; lastKnownFileType = file.storyboard; name = Base; path = Base.lproj/LaunchScreen.storyboard; sourceTree = "<group>"; };
		F7B8611A223E62CE0083FFBC /* Info.plist */ = {isa = PBXFileReference; lastKnownFileType = text.plist.xml; path = Info.plist; sourceTree = "<group>"; };
/* End PBXFileReference section */

/* Begin PBXFrameworksBuildPhase section */
		F7B86108223E62CD0083FFBC /* Frameworks */ = {
			isa = PBXFrameworksBuildPhase;
			buildActionMask = 2147483647;
			files = (
			);
			runOnlyForDeploymentPostprocessing = 0;
		};
/* End PBXFrameworksBuildPhase section */

/* Begin PBXGroup section */
		F7B86102223E62CD0083FFBC = {
			isa = PBXGroup;
			children = (
				F7B8610D223E62CD0083FFBC /* VectornatorClocks */,
				F7B8610C223E62CD0083FFBC /* Products */,
			);
			sourceTree = "<group>";
		};
		F7B8610C223E62CD0083FFBC /* Products */ = {
			isa = PBXGroup;
			children = (
				F7B8610B223E62CD0083FFBC /* VectornatorClocks.app */,
			);
			name = Products;
			sourceTree = "<group>";
		};
		F7B8610D223E62CD0083FFBC /* VectornatorClocks */ = {
			isa = PBXGroup;
			children = (
				F7B86121223E63190083FFBC /* Screens */,
				F7B86120223E62EF0083FFBC /* AppResources */,
			);
			path = VectornatorClocks;
			sourceTree = "<group>";
		};
		F7B86120223E62EF0083FFBC /* AppResources */ = {
			isa = PBXGroup;
			children = (
				F7B8610E223E62CD0083FFBC /* AppDelegate.swift */,
				F7B86112223E62CD0083FFBC /* Main.storyboard */,
				F7B86115223E62CE0083FFBC /* Assets.xcassets */,
				F7B86117223E62CE0083FFBC /* LaunchScreen.storyboard */,
				F7B8611A223E62CE0083FFBC /* Info.plist */,
			);
			path = AppResources;
			sourceTree = "<group>";
		};
		F7B86121223E63190083FFBC /* Screens */ = {
			isa = PBXGroup;
			children = (
				F7B86122223E63260083FFBC /* Main */,
			);
			path = Screens;
			sourceTree = "<group>";
		};
		F7B86122223E63260083FFBC /* Main */ = {
			isa = PBXGroup;
			children = (
				F7B86110223E62CD0083FFBC /* ViewController.swift */,
			);
			path = Main;
			sourceTree = "<group>";
		};
/* End PBXGroup section */

/* Begin PBXNativeTarget section */
		F7B8610A223E62CD0083FFBC /* VectornatorClocks */ = {
			isa = PBXNativeTarget;
			buildConfigurationList = F7B8611D223E62CE0083FFBC /* Build configuration list for PBXNativeTarget "VectornatorClocks" */;
			buildPhases = (
				F7B86107223E62CD0083FFBC /* Sources */,
				F7B86108223E62CD0083FFBC /* Frameworks */,
				F7B86109223E62CD0083FFBC /* Resources */,
			);
			buildRules = (
			);
			dependencies = (
			);
			name = VectornatorClocks;
			productName = VectornatorClocks;
			productReference = F7B8610B223E62CD0083FFBC /* VectornatorClocks.app */;
			productType = "com.apple.product-type.application";
		};
/* End PBXNativeTarget section */

/* Begin PBXProject section */
		F7B86103223E62CD0083FFBC /* Project object */ = {
			isa = PBXProject;
			attributes = {
				LastSwiftUpdateCheck = 1010;
				LastUpgradeCheck = 1010;
				ORGANIZATIONNAME = "Gleb Cherkashyn";
				TargetAttributes = {
					F7B8610A223E62CD0083FFBC = {
						CreatedOnToolsVersion = 10.1;
					};
				};
			};
			buildConfigurationList = F7B86106223E62CD0083FFBC /* Build configuration list for PBXProject "VectornatorClocks" */;
			compatibilityVersion = "Xcode 9.3";
			developmentRegion = en;
			hasScannedForEncodings = 0;
			knownRegions = (
				en,
				Base,
			);
			mainGroup = F7B86102223E62CD0083FFBC;
			productRefGroup = F7B8610C223E62CD0083FFBC /* Products */;
			projectDirPath = "";
			projectRoot = "";
			targets = (
				F7B8610A223E62CD0083FFBC /* VectornatorClocks */,
			);
		};
/* End PBXProject section */

/* Begin PBXResourcesBuildPhase section */
		F7B86109223E62CD0083FFBC /* Resources */ = {
			isa = PBXResourcesBuildPhase;
			buildActionMask = 2147483647;
			files = (
				F7B86119223E62CE0083FFBC /* LaunchScreen.storyboard in Resources */,
				F7B86116223E62CE0083FFBC /* Assets.xcassets in Resources */,
				F7B86114223E62CD0083FFBC /* Main.storyboard in Resources */,
			);
			runOnlyForDeploymentPostprocessing = 0;
		};
/* End PBXResourcesBuildPhase section */

/* Begin PBXSourcesBuildPhase section */
		F7B86107223E62CD0083FFBC /* Sources */ = {
			isa = PBXSourcesBuildPhase;
			buildActionMask = 2147483647;
			files = (
				F7B86111223E62CD0083FFBC /* ViewController.swift in Sources */,
				F7B8610F223E62CD0083FFBC /* AppDelegate.swift in Sources */,
			);
			runOnlyForDeploymentPostprocessing = 0;
		};
/* End PBXSourcesBuildPhase section */

/* Begin PBXVariantGroup section */
		F7B86112223E62CD0083FFBC /* Main.storyboard */ = {
			isa = PBXVariantGroup;
			children = (
				F7B86113223E62CD0083FFBC /* Base */,
			);
			name = Main.storyboard;
			sourceTree = "<group>";
		};
		F7B86117223E62CE0083FFBC /* LaunchScreen.storyboard */ = {
			isa = PBXVariantGroup;
			children = (
				F7B86118223E62CE0083FFBC /* Base */,
			);
			name = LaunchScreen.storyboard;
			sourceTree = "<group>";
		};
/* End PBXVariantGroup section */

/* Begin XCBuildConfiguration section */
		F7B8611B223E62CE0083FFBC /* Debug */ = {
			isa = XCBuildConfiguration;
			buildSettings = {
				ALWAYS_SEARCH_USER_PATHS = NO;
				CLANG_ANALYZER_NONNULL = YES;
				CLANG_ANALYZER_NUMBER_OBJECT_CONVERSION = YES_AGGRESSIVE;
				CLANG_CXX_LANGUAGE_STANDARD = "gnu++14";
				CLANG_CXX_LIBRARY = "libc++";
				CLANG_ENABLE_MODULES = YES;
				CLANG_ENABLE_OBJC_ARC = YES;
				CLANG_ENABLE_OBJC_WEAK = YES;
				CLANG_WARN_BLOCK_CAPTURE_AUTORELEASING = YES;
				CLANG_WARN_BOOL_CONVERSION = YES;
				CLANG_WARN_COMMA = YES;
				CLANG_WARN_CONSTANT_CONVERSION = YES;
				CLANG_WARN_DEPRECATED_OBJC_IMPLEMENTATIONS = YES;
				CLANG_WARN_DIRECT_OBJC_ISA_USAGE = YES_ERROR;
				CLANG_WARN_DOCUMENTATION_COMMENTS = YES;
				CLANG_WARN_EMPTY_BODY = YES;
				CLANG_WARN_ENUM_CONVERSION = YES;
				CLANG_WARN_INFINITE_RECURSION = YES;
				CLANG_WARN_INT_CONVERSION = YES;
				CLANG_WARN_NON_LITERAL_NULL_CONVERSION = YES;
				CLANG_WARN_OBJC_IMPLICIT_RETAIN_SELF = YES;
				CLANG_WARN_OBJC_LITERAL_CONVERSION = YES;
				CLANG_WARN_OBJC_ROOT_CLASS = YES_ERROR;
				CLANG_WARN_RANGE_LOOP_ANALYSIS = YES;
				CLANG_WARN_STRICT_PROTOTYPES = YES;
				CLANG_WARN_SUSPICIOUS_MOVE = YES;
				CLANG_WARN_UNGUARDED_AVAILABILITY = YES_AGGRESSIVE;
				CLANG_WARN_UNREACHABLE_CODE = YES;
				CLANG_WARN__DUPLICATE_METHOD_MATCH = YES;
				CODE_SIGN_IDENTITY = "iPhone Developer";
				COPY_PHASE_STRIP = NO;
				DEBUG_INFORMATION_FORMAT = dwarf;
				ENABLE_STRICT_OBJC_MSGSEND = YES;
				ENABLE_TESTABILITY = YES;
				GCC_C_LANGUAGE_STANDARD = gnu11;
				GCC_DYNAMIC_NO_PIC = NO;
				GCC_NO_COMMON_BLOCKS = YES;
				GCC_OPTIMIZATION_LEVEL = 0;
				GCC_PREPROCESSOR_DEFINITIONS = (
					"DEBUG=1",
					"$(inherited)",
				);
				GCC_WARN_64_TO_32_BIT_CONVERSION = YES;
				GCC_WARN_ABOUT_RETURN_TYPE = YES_ERROR;
				GCC_WARN_UNDECLARED_SELECTOR = YES;
				GCC_WARN_UNINITIALIZED_AUTOS = YES_AGGRESSIVE;
				GCC_WARN_UNUSED_FUNCTION = YES;
				GCC_WARN_UNUSED_VARIABLE = YES;
				IPHONEOS_DEPLOYMENT_TARGET = 12.1;
				MTL_ENABLE_DEBUG_INFO = INCLUDE_SOURCE;
				MTL_FAST_MATH = YES;
				ONLY_ACTIVE_ARCH = YES;
				SDKROOT = iphoneos;
				SWIFT_ACTIVE_COMPILATION_CONDITIONS = DEBUG;
				SWIFT_OPTIMIZATION_LEVEL = "-Onone";
			};
			name = Debug;
		};
		F7B8611C223E62CE0083FFBC /* Release */ = {
			isa = XCBuildConfiguration;
			buildSettings = {
				ALWAYS_SEARCH_USER_PATHS = NO;
				CLANG_ANALYZER_NONNULL = YES;
				CLANG_ANALYZER_NUMBER_OBJECT_CONVERSION = YES_AGGRESSIVE;
				CLANG_CXX_LANGUAGE_STANDARD = "gnu++14";
				CLANG_CXX_LIBRARY = "libc++";
				CLANG_ENABLE_MODULES = YES;
				CLANG_ENABLE_OBJC_ARC = YES;
				CLANG_ENABLE_OBJC_WEAK = YES;
				CLANG_WARN_BLOCK_CAPTURE_AUTORELEASING = YES;
				CLANG_WARN_BOOL_CONVERSION = YES;
				CLANG_WARN_COMMA = YES;
				CLANG_WARN_CONSTANT_CONVERSION = YES;
				CLANG_WARN_DEPRECATED_OBJC_IMPLEMENTATIONS = YES;
				CLANG_WARN_DIRECT_OBJC_ISA_USAGE = YES_ERROR;
				CLANG_WARN_DOCUMENTATION_COMMENTS = YES;
				CLANG_WARN_EMPTY_BODY = YES;
				CLANG_WARN_ENUM_CONVERSION = YES;
				CLANG_WARN_INFINITE_RECURSION = YES;
				CLANG_WARN_INT_CONVERSION = YES;
				CLANG_WARN_NON_LITERAL_NULL_CONVERSION = YES;
				CLANG_WARN_OBJC_IMPLICIT_RETAIN_SELF = YES;
				CLANG_WARN_OBJC_LITERAL_CONVERSION = YES;
				CLANG_WARN_OBJC_ROOT_CLASS = YES_ERROR;
				CLANG_WARN_RANGE_LOOP_ANALYSIS = YES;
				CLANG_WARN_STRICT_PROTOTYPES = YES;
				CLANG_WARN_SUSPICIOUS_MOVE = YES;
				CLANG_WARN_UNGUARDED_AVAILABILITY = YES_AGGRESSIVE;
				CLANG_WARN_UNREACHABLE_CODE = YES;
				CLANG_WARN__DUPLICATE_METHOD_MATCH = YES;
				CODE_SIGN_IDENTITY = "iPhone Developer";
				COPY_PHASE_STRIP = NO;
				DEBUG_INFORMATION_FORMAT = "dwarf-with-dsym";
				ENABLE_NS_ASSERTIONS = NO;
				ENABLE_STRICT_OBJC_MSGSEND = YES;
				GCC_C_LANGUAGE_STANDARD = gnu11;
				GCC_NO_COMMON_BLOCKS = YES;
				GCC_WARN_64_TO_32_BIT_CONVERSION = YES;
				GCC_WARN_ABOUT_RETURN_TYPE = YES_ERROR;
				GCC_WARN_UNDECLARED_SELECTOR = YES;
				GCC_WARN_UNINITIALIZED_AUTOS = YES_AGGRESSIVE;
				GCC_WARN_UNUSED_FUNCTION = YES;
				GCC_WARN_UNUSED_VARIABLE = YES;
				IPHONEOS_DEPLOYMENT_TARGET = 12.1;
				MTL_ENABLE_DEBUG_INFO = NO;
				MTL_FAST_MATH = YES;
				SDKROOT = iphoneos;
				SWIFT_COMPILATION_MODE = wholemodule;
				SWIFT_OPTIMIZATION_LEVEL = "-O";
				VALIDATE_PRODUCT = YES;
			};
			name = Release;
		};
		F7B8611E223E62CE0083FFBC /* Debug */ = {
			isa = XCBuildConfiguration;
			buildSettings = {
				ASSETCATALOG_COMPILER_APPICON_NAME = AppIcon;
				CODE_SIGN_STYLE = Automatic;
				DEVELOPMENT_TEAM = 367UEX9M4E;
				INFOPLIST_FILE = VectornatorClocks/AppResources/Info.plist;
				LD_RUNPATH_SEARCH_PATHS = (
					"$(inherited)",
					"@executable_path/Frameworks",
				);
				PRODUCT_BUNDLE_IDENTIFIER = "Gleb-Cherkashyn.VectornatorClocks";
				PRODUCT_NAME = "$(TARGET_NAME)";
				SWIFT_VERSION = 4.2;
				TARGETED_DEVICE_FAMILY = "1,2";
			};
			name = Debug;
		};
		F7B8611F223E62CE0083FFBC /* Release */ = {
			isa = XCBuildConfiguration;
			buildSettings = {
				ASSETCATALOG_COMPILER_APPICON_NAME = AppIcon;
				CODE_SIGN_STYLE = Automatic;
				DEVELOPMENT_TEAM = 367UEX9M4E;
				INFOPLIST_FILE = VectornatorClocks/AppResources/Info.plist;
				LD_RUNPATH_SEARCH_PATHS = (
					"$(inherited)",
					"@executable_path/Frameworks",
				);
				PRODUCT_BUNDLE_IDENTIFIER = "Gleb-Cherkashyn.VectornatorClocks";
				PRODUCT_NAME = "$(TARGET_NAME)";
				SWIFT_VERSION = 4.2;
				TARGETED_DEVICE_FAMILY = "1,2";
			};
			name = Release;
		};
/* End XCBuildConfiguration section */

/* Begin XCConfigurationList section */
		F7B86106223E62CD0083FFBC /* Build configuration list for PBXProject "VectornatorClocks" */ = {
			isa = XCConfigurationList;
			buildConfigurations = (
				F7B8611B223E62CE0083FFBC /* Debug */,
				F7B8611C223E62CE0083FFBC /* Release */,
			);
			defaultConfigurationIsVisible = 0;
			defaultConfigurationName = Release;
		};
		F7B8611D223E62CE0083FFBC /* Build configuration list for PBXNativeTarget "VectornatorClocks" */ = {
			isa = XCConfigurationList;
			buildConfigurations = (
				F7B8611E223E62CE0083FFBC /* Debug */,
				F7B8611F223E62CE0083FFBC /* Release */,
			);
			defaultConfigurationIsVisible = 0;
			defaultConfigurationName = Release;
		};
/* End XCConfigurationList section */
	};
	rootObject = F7B86103223E62CD0083FFBC /* Project object */;
}
